
Microsoft Visual Studio Solution File, Format Version 12.00
# Visual Studio Version 16
VisualStudioVersion = 16.0.29424.173
MinimumVisualStudioVersion = 10.0.40219.1
Project("{FAE04EC0-301F-11D3-BF4B-00C04F79EFBC}") = "PracticeApi", "PracticeApi\PracticeApi.csproj", "{17A426A5-692F-476E-B385-EC1D24A4EBAF}"
EndProject
Global
	GlobalSection(SolutionConfigurationPlatforms) = preSolution
		Debug|Any CPU = Debug|Any CPU
		Release|Any CPU = Release|Any CPU
	EndGlobalSection
	GlobalSection(ProjectConfigurationPlatforms) = postSolution
		{17A426A5-692F-476E-B385-EC1D24A4EBAF}.Debug|Any CPU.ActiveCfg = Debug|Any CPU
		{17A426A5-692F-476E-B385-EC1D24A4EBAF}.Debug|Any CPU.Build.0 = Debug|Any CPU
		{17A426A5-692F-476E-B385-EC1D24A4EBAF}.Release|Any CPU.ActiveCfg = Release|Any CPU
		{17A426A5-692F-476E-B385-EC1D24A4EBAF}.Release|Any CPU.Build.0 = Release|Any CPU
	EndGlobalSection
	GlobalSection(SolutionProperties) = preSolution
		HideSolutionNode = FALSE
	EndGlobalSection
	GlobalSection(ExtensibilityGlobals) = postSolution
		SolutionGuid = {42771AD8-24BA-44AA-AD1B-051414B13854}
	EndGlobalSection
EndGlobal
